// !$*UTF8*$!
{
	archiveVersion = 1;
	classes = {
	};
	objectVersion = 56;
	objects = {

/* Begin PBXBuildFile section */
		2D2851E62A7E358D00115168 /* AppDelegate.swift in Sources */ = {isa = PBXBuildFile; fileRef = 2D2851E52A7E358D00115168 /* AppDelegate.swift */; };
		2D2851E82A7E358D00115168 /* SceneDelegate.swift in Sources */ = {isa = PBXBuildFile; fileRef = 2D2851E72A7E358D00115168 /* SceneDelegate.swift */; };
		2D2851EA2A7E358D00115168 /* CategoryPage.swift in Sources */ = {isa = PBXBuildFile; fileRef = 2D2851E92A7E358D00115168 /* CategoryPage.swift */; };
		2D2851ED2A7E358D00115168 /* Main.storyboard in Resources */ = {isa = PBXBuildFile; fileRef = 2D2851EB2A7E358D00115168 /* Main.storyboard */; };
		2D2851F02A7E358D00115168 /* adidas.xcdatamodeld in Sources */ = {isa = PBXBuildFile; fileRef = 2D2851EE2A7E358D00115168 /* adidas.xcdatamodeld */; };
		2D2851F22A7E358E00115168 /* Assets.xcassets in Resources */ = {isa = PBXBuildFile; fileRef = 2D2851F12A7E358E00115168 /* Assets.xcassets */; };
		2D2851F52A7E358E00115168 /* LaunchScreen.storyboard in Resources */ = {isa = PBXBuildFile; fileRef = 2D2851F32A7E358E00115168 /* LaunchScreen.storyboard */; };
		2D2851FD2A7E47E600115168 /* TabBarMainPage.swift in Sources */ = {isa = PBXBuildFile; fileRef = 2D2851FC2A7E47E600115168 /* TabBarMainPage.swift */; };
		2D2A46862A7F978700FF40FF /* LogingInWithEmailPage.swift in Sources */ = {isa = PBXBuildFile; fileRef = 2D2A46852A7F978700FF40FF /* LogingInWithEmailPage.swift */; };
		2D2A46882A7F99DA00FF40FF /* LogInWithEmailPage.swift in Sources */ = {isa = PBXBuildFile; fileRef = 2D2A46872A7F99DA00FF40FF /* LogInWithEmailPage.swift */; };
		2D2A468C2A7FA00800FF40FF /* VerifyAgePage.swift in Sources */ = {isa = PBXBuildFile; fileRef = 2D2A468B2A7FA00800FF40FF /* VerifyAgePage.swift */; };
		2D4FAFAE2A7E53C200778CA9 /* LoginOptionPage.swift in Sources */ = {isa = PBXBuildFile; fileRef = 2D4FAFAD2A7E53C200778CA9 /* LoginOptionPage.swift */; };
		2D4FAFB02A7E542500778CA9 /* FireHomePage.swift in Sources */ = {isa = PBXBuildFile; fileRef = 2D4FAFAF2A7E542500778CA9 /* FireHomePage.swift */; };
		2DC405032A80DB1C0045B052 /* GoogleService-Info.plist in Resources */ = {isa = PBXBuildFile; fileRef = 2DC405022A80DB1C0045B052 /* GoogleService-Info.plist */; };
		2DC405052A80DF440045B052 /* PasswordPage.swift in Sources */ = {isa = PBXBuildFile; fileRef = 2DC405042A80DF440045B052 /* PasswordPage.swift */; };
		2DCB545E2A823A6200DB0965 /* MyAccountPage.swift in Sources */ = {isa = PBXBuildFile; fileRef = 2DCB545D2A823A6200DB0965 /* MyAccountPage.swift */; };
		2DCB54602A8243BA00DB0965 /* EditProfileInfo.swift in Sources */ = {isa = PBXBuildFile; fileRef = 2DCB545F2A8243BA00DB0965 /* EditProfileInfo.swift */; };
		C7A7C62CAFB515A6498A412B /* Pods_adidas.framework in Frameworks */ = {isa = PBXBuildFile; fileRef = 79CB4FC0DB9F96CD77A86075 /* Pods_adidas.framework */; };
/* End PBXBuildFile section */

/* Begin PBXFileReference section */
		2921890C104D48184F6F5F5D /* Pods-adidas.release.xcconfig */ = {isa = PBXFileReference; includeInIndex = 1; lastKnownFileType = text.xcconfig; name = "Pods-adidas.release.xcconfig"; path = "Target Support Files/Pods-adidas/Pods-adidas.release.xcconfig"; sourceTree = "<group>"; };
		2D2851E22A7E358D00115168 /* adidas.app */ = {isa = PBXFileReference; explicitFileType = wrapper.application; includeInIndex = 0; path = adidas.app; sourceTree = BUILT_PRODUCTS_DIR; };
		2D2851E52A7E358D00115168 /* AppDelegate.swift */ = {isa = PBXFileReference; lastKnownFileType = sourcecode.swift; path = AppDelegate.swift; sourceTree = "<group>"; };
		2D2851E72A7E358D00115168 /* SceneDelegate.swift */ = {isa = PBXFileReference; lastKnownFileType = sourcecode.swift; path = SceneDelegate.swift; sourceTree = "<group>"; };
		2D2851E92A7E358D00115168 /* CategoryPage.swift */ = {isa = PBXFileReference; lastKnownFileType = sourcecode.swift; path = CategoryPage.swift; sourceTree = "<group>"; };
		2D2851EC2A7E358D00115168 /* Base */ = {isa = PBXFileReference; lastKnownFileType = file.storyboard; name = Base; path = Base.lproj/Main.storyboard; sourceTree = "<group>"; };
		2D2851EF2A7E358D00115168 /* adidas.xcdatamodel */ = {isa = PBXFileReference; lastKnownFileType = wrapper.xcdatamodel; path = adidas.xcdatamodel; sourceTree = "<group>"; };
		2D2851F12A7E358E00115168 /* Assets.xcassets */ = {isa = PBXFileReference; lastKnownFileType = folder.assetcatalog; path = Assets.xcassets; sourceTree = "<group>"; };
		2D2851F42A7E358E00115168 /* Base */ = {isa = PBXFileReference; lastKnownFileType = file.storyboard; name = Base; path = Base.lproj/LaunchScreen.storyboard; sourceTree = "<group>"; };
		2D2851F62A7E358E00115168 /* Info.plist */ = {isa = PBXFileReference; lastKnownFileType = text.plist.xml; path = Info.plist; sourceTree = "<group>"; };
		2D2851FC2A7E47E600115168 /* TabBarMainPage.swift */ = {isa = PBXFileReference; lastKnownFileType = sourcecode.swift; path = TabBarMainPage.swift; sourceTree = "<group>"; };
		2D2A46852A7F978700FF40FF /* LogingInWithEmailPage.swift */ = {isa = PBXFileReference; lastKnownFileType = sourcecode.swift; path = LogingInWithEmailPage.swift; sourceTree = "<group>"; };
		2D2A46872A7F99DA00FF40FF /* LogInWithEmailPage.swift */ = {isa = PBXFileReference; lastKnownFileType = sourcecode.swift; path = LogInWithEmailPage.swift; sourceTree = "<group>"; };
		2D2A468B2A7FA00800FF40FF /* VerifyAgePage.swift */ = {isa = PBXFileReference; lastKnownFileType = sourcecode.swift; path = VerifyAgePage.swift; sourceTree = "<group>"; };
		2D4FAFAD2A7E53C200778CA9 /* LoginOptionPage.swift */ = {isa = PBXFileReference; lastKnownFileType = sourcecode.swift; path = LoginOptionPage.swift; sourceTree = "<group>"; };
		2D4FAFAF2A7E542500778CA9 /* FireHomePage.swift */ = {isa = PBXFileReference; lastKnownFileType = sourcecode.swift; path = FireHomePage.swift; sourceTree = "<group>"; };
		2DC405022A80DB1C0045B052 /* GoogleService-Info.plist */ = {isa = PBXFileReference; fileEncoding = 4; lastKnownFileType = text.plist.xml; path = "GoogleService-Info.plist"; sourceTree = "<group>"; };
		2DC405042A80DF440045B052 /* PasswordPage.swift */ = {isa = PBXFileReference; lastKnownFileType = sourcecode.swift; path = PasswordPage.swift; sourceTree = "<group>"; };
		2DCB545D2A823A6200DB0965 /* MyAccountPage.swift */ = {isa = PBXFileReference; lastKnownFileType = sourcecode.swift; path = MyAccountPage.swift; sourceTree = "<group>"; };
		2DCB545F2A8243BA00DB0965 /* EditProfileInfo.swift */ = {isa = PBXFileReference; lastKnownFileType = sourcecode.swift; path = EditProfileInfo.swift; sourceTree = "<group>"; };
		79CB4FC0DB9F96CD77A86075 /* Pods_adidas.framework */ = {isa = PBXFileReference; explicitFileType = wrapper.framework; includeInIndex = 0; path = Pods_adidas.framework; sourceTree = BUILT_PRODUCTS_DIR; };
		CB63D8A527B2C7FF9152B196 /* Pods-adidas.debug.xcconfig */ = {isa = PBXFileReference; includeInIndex = 1; lastKnownFileType = text.xcconfig; name = "Pods-adidas.debug.xcconfig"; path = "Target Support Files/Pods-adidas/Pods-adidas.debug.xcconfig"; sourceTree = "<group>"; };
/* End PBXFileReference section */

/* Begin PBXFrameworksBuildPhase section */
		2D2851DF2A7E358D00115168 /* Frameworks */ = {
			isa = PBXFrameworksBuildPhase;
			buildActionMask = 2147483647;
			files = (
				C7A7C62CAFB515A6498A412B /* Pods_adidas.framework in Frameworks */,
			);
			runOnlyForDeploymentPostprocessing = 0;
		};
/* End PBXFrameworksBuildPhase section */

/* Begin PBXGroup section */
		2D2851D92A7E358D00115168 = {
			isa = PBXGroup;
			children = (
				2D2851E42A7E358D00115168 /* adidas */,
				2D2851E32A7E358D00115168 /* Products */,
				93BDBF3DE2D6DD19F2A57FDB /* Pods */,
				8D81A42032EB8345A888AA46 /* Frameworks */,
			);
			sourceTree = "<group>";
		};
		2D2851E32A7E358D00115168 /* Products */ = {
			isa = PBXGroup;
			children = (
				2D2851E22A7E358D00115168 /* adidas.app */,
			);
			name = Products;
			sourceTree = "<group>";
		};
		2D2851E42A7E358D00115168 /* adidas */ = {
			isa = PBXGroup;
			children = (
				2D2851E52A7E358D00115168 /* AppDelegate.swift */,
				2D2851E72A7E358D00115168 /* SceneDelegate.swift */,
				2D2851E92A7E358D00115168 /* CategoryPage.swift */,
				2DC405042A80DF440045B052 /* PasswordPage.swift */,
				2D2851FC2A7E47E600115168 /* TabBarMainPage.swift */,
				2D2A468B2A7FA00800FF40FF /* VerifyAgePage.swift */,
				2D2851EB2A7E358D00115168 /* Main.storyboard */,
				2DCB545F2A8243BA00DB0965 /* EditProfileInfo.swift */,
				2DCB545D2A823A6200DB0965 /* MyAccountPage.swift */,
				2D2A46872A7F99DA00FF40FF /* LogInWithEmailPage.swift */,
				2D2A46852A7F978700FF40FF /* LogingInWithEmailPage.swift */,
				2D4FAFAF2A7E542500778CA9 /* FireHomePage.swift */,
				2D4FAFAD2A7E53C200778CA9 /* LoginOptionPage.swift */,
				2D2851F12A7E358E00115168 /* Assets.xcassets */,
				2D2851F32A7E358E00115168 /* LaunchScreen.storyboard */,
				2DC405022A80DB1C0045B052 /* GoogleService-Info.plist */,
				2D2851F62A7E358E00115168 /* Info.plist */,
				2D2851EE2A7E358D00115168 /* adidas.xcdatamodeld */,
			);
			path = adidas;
			sourceTree = "<group>";
		};
		8D81A42032EB8345A888AA46 /* Frameworks */ = {
			isa = PBXGroup;
			children = (
				79CB4FC0DB9F96CD77A86075 /* Pods_adidas.framework */,
			);
			name = Frameworks;
			sourceTree = "<group>";
		};
		93BDBF3DE2D6DD19F2A57FDB /* Pods */ = {
			isa = PBXGroup;
			children = (
				CB63D8A527B2C7FF9152B196 /* Pods-adidas.debug.xcconfig */,
				2921890C104D48184F6F5F5D /* Pods-adidas.release.xcconfig */,
			);
			path = Pods;
			sourceTree = "<group>";
		};
/* End PBXGroup section */

/* Begin PBXNativeTarget section */
		2D2851E12A7E358D00115168 /* adidas */ = {
			isa = PBXNativeTarget;
			buildConfigurationList = 2D2851F92A7E358E00115168 /* Build configuration list for PBXNativeTarget "adidas" */;
			buildPhases = (
				5EC4324C125FDA529F2DA9AB /* [CP] Check Pods Manifest.lock */,
				2D2851DE2A7E358D00115168 /* Sources */,
				2D2851DF2A7E358D00115168 /* Frameworks */,
				2D2851E02A7E358D00115168 /* Resources */,
				F410B7BDB22ABFCF6E735715 /* [CP] Embed Pods Frameworks */,
			);
			buildRules = (
			);
			dependencies = (
			);
			name = adidas;
			productName = adidas;
			productReference = 2D2851E22A7E358D00115168 /* adidas.app */;
			productType = "com.apple.product-type.application";
		};
/* End PBXNativeTarget section */

/* Begin PBXProject section */
		2D2851DA2A7E358D00115168 /* Project object */ = {
			isa = PBXProject;
			attributes = {
				BuildIndependentTargetsInParallel = 1;
				LastSwiftUpdateCheck = 1420;
				LastUpgradeCheck = 1420;
				TargetAttributes = {
					2D2851E12A7E358D00115168 = {
						CreatedOnToolsVersion = 14.2;
					};
				};
			};
			buildConfigurationList = 2D2851DD2A7E358D00115168 /* Build configuration list for PBXProject "adidas" */;
			compatibilityVersion = "Xcode 14.0";
			developmentRegion = en;
			hasScannedForEncodings = 0;
			knownRegions = (
				en,
				Base,
			);
			mainGroup = 2D2851D92A7E358D00115168;
			productRefGroup = 2D2851E32A7E358D00115168 /* Products */;
			projectDirPath = "";
			projectRoot = "";
			targets = (
				2D2851E12A7E358D00115168 /* adidas */,
			);
		};
/* End PBXProject section */

/* Begin PBXResourcesBuildPhase section */
		2D2851E02A7E358D00115168 /* Resources */ = {
			isa = PBXResourcesBuildPhase;
			buildActionMask = 2147483647;
			files = (
				2D2851F52A7E358E00115168 /* LaunchScreen.storyboard in Resources */,
				2DC405032A80DB1C0045B052 /* GoogleService-Info.plist in Resources */,
				2D2851F22A7E358E00115168 /* Assets.xcassets in Resources */,
				2D2851ED2A7E358D00115168 /* Main.storyboard in Resources */,
			);
			runOnlyForDeploymentPostprocessing = 0;
		};
/* End PBXResourcesBuildPhase section */

/* Begin PBXShellScriptBuildPhase section */
		5EC4324C125FDA529F2DA9AB /* [CP] Check Pods Manifest.lock */ = {
			isa = PBXShellScriptBuildPhase;
			buildActionMask = 2147483647;
			files = (
			);
			inputFileListPaths = (
			);
			inputPaths = (
				"${PODS_PODFILE_DIR_PATH}/Podfile.lock",
				"${PODS_ROOT}/Manifest.lock",
			);
			name = "[CP] Check Pods Manifest.lock";
			outputFileListPaths = (
			);
			outputPaths = (
				"$(DERIVED_FILE_DIR)/Pods-adidas-checkManifestLockResult.txt",
			);
			runOnlyForDeploymentPostprocessing = 0;
			shellPath = /bin/sh;
			shellScript = "diff \"${PODS_PODFILE_DIR_PATH}/Podfile.lock\" \"${PODS_ROOT}/Manifest.lock\" > /dev/null\nif [ $? != 0 ] ; then\n    # print error to STDERR\n    echo \"error: The sandbox is not in sync with the Podfile.lock. Run 'pod install' or update your CocoaPods installation.\" >&2\n    exit 1\nfi\n# This output is used by Xcode 'outputs' to avoid re-running this script phase.\necho \"SUCCESS\" > \"${SCRIPT_OUTPUT_FILE_0}\"\n";
			showEnvVarsInLog = 0;
		};
		F410B7BDB22ABFCF6E735715 /* [CP] Embed Pods Frameworks */ = {
			isa = PBXShellScriptBuildPhase;
			buildActionMask = 2147483647;
			files = (
			);
			inputFileListPaths = (
				"${PODS_ROOT}/Target Support Files/Pods-adidas/Pods-adidas-frameworks-${CONFIGURATION}-input-files.xcfilelist",
			);
			name = "[CP] Embed Pods Frameworks";
			outputFileListPaths = (
				"${PODS_ROOT}/Target Support Files/Pods-adidas/Pods-adidas-frameworks-${CONFIGURATION}-output-files.xcfilelist",
			);
			runOnlyForDeploymentPostprocessing = 0;
			shellPath = /bin/sh;
			shellScript = "\"${PODS_ROOT}/Target Support Files/Pods-adidas/Pods-adidas-frameworks.sh\"\n";
			showEnvVarsInLog = 0;
		};
/* End PBXShellScriptBuildPhase section */

/* Begin PBXSourcesBuildPhase section */
		2D2851DE2A7E358D00115168 /* Sources */ = {
			isa = PBXSourcesBuildPhase;
			buildActionMask = 2147483647;
			files = (
				2D2851FD2A7E47E600115168 /* TabBarMainPage.swift in Sources */,
				2DCB54602A8243BA00DB0965 /* EditProfileInfo.swift in Sources */,
				2D2851EA2A7E358D00115168 /* CategoryPage.swift in Sources */,
				2DCB545E2A823A6200DB0965 /* MyAccountPage.swift in Sources */,
				2D2851F02A7E358D00115168 /* adidas.xcdatamodeld in Sources */,
				2D2A46882A7F99DA00FF40FF /* LogInWithEmailPage.swift in Sources */,
				2D2851E62A7E358D00115168 /* AppDelegate.swift in Sources */,
				2D2A468C2A7FA00800FF40FF /* VerifyAgePage.swift in Sources */,
				2D2851E82A7E358D00115168 /* SceneDelegate.swift in Sources */,
				2DC405052A80DF440045B052 /* PasswordPage.swift in Sources */,
				2D4FAFB02A7E542500778CA9 /* FireHomePage.swift in Sources */,
				2D2A46862A7F978700FF40FF /* LogingInWithEmailPage.swift in Sources */,
				2D4FAFAE2A7E53C200778CA9 /* LoginOptionPage.swift in Sources */,
			);
			runOnlyForDeploymentPostprocessing = 0;
		};
/* End PBXSourcesBuildPhase section */

/* Begin PBXVariantGroup section */
		2D2851EB2A7E358D00115168 /* Main.storyboard */ = {
			isa = PBXVariantGroup;
			children = (
				2D2851EC2A7E358D00115168 /* Base */,
			);
			name = Main.storyboard;
			sourceTree = "<group>";
		};
		2D2851F32A7E358E00115168 /* LaunchScreen.storyboard */ = {
			isa = PBXVariantGroup;
			children = (
				2D2851F42A7E358E00115168 /* Base */,
			);
			name = LaunchScreen.storyboard;
			sourceTree = "<group>";
		};
/* End PBXVariantGroup section */

/* Begin XCBuildConfiguration section */
		2D2851F72A7E358E00115168 /* Debug */ = {
			isa = XCBuildConfiguration;
			buildSettings = {
				ALWAYS_SEARCH_USER_PATHS = NO;
				CLANG_ANALYZER_NONNULL = YES;
				CLANG_ANALYZER_NUMBER_OBJECT_CONVERSION = YES_AGGRESSIVE;
				CLANG_CXX_LANGUAGE_STANDARD = "gnu++20";
				CLANG_ENABLE_MODULES = YES;
				CLANG_ENABLE_OBJC_ARC = YES;
				CLANG_ENABLE_OBJC_WEAK = YES;
				CLANG_WARN_BLOCK_CAPTURE_AUTORELEASING = YES;
				CLANG_WARN_BOOL_CONVERSION = YES;
				CLANG_WARN_COMMA = YES;
				CLANG_WARN_CONSTANT_CONVERSION = YES;
				CLANG_WARN_DEPRECATED_OBJC_IMPLEMENTATIONS = YES;
				CLANG_WARN_DIRECT_OBJC_ISA_USAGE = YES_ERROR;
				CLANG_WARN_DOCUMENTATION_COMMENTS = YES;
				CLANG_WARN_EMPTY_BODY = YES;
				CLANG_WARN_ENUM_CONVERSION = YES;
				CLANG_WARN_INFINITE_RECURSION = YES;
				CLANG_WARN_INT_CONVERSION = YES;
				CLANG_WARN_NON_LITERAL_NULL_CONVERSION = YES;
				CLANG_WARN_OBJC_IMPLICIT_RETAIN_SELF = YES;
				CLANG_WARN_OBJC_LITERAL_CONVERSION = YES;
				CLANG_WARN_OBJC_ROOT_CLASS = YES_ERROR;
				CLANG_WARN_QUOTED_INCLUDE_IN_FRAMEWORK_HEADER = YES;
				CLANG_WARN_RANGE_LOOP_ANALYSIS = YES;
				CLANG_WARN_STRICT_PROTOTYPES = YES;
				CLANG_WARN_SUSPICIOUS_MOVE = YES;
				CLANG_WARN_UNGUARDED_AVAILABILITY = YES_AGGRESSIVE;
				CLANG_WARN_UNREACHABLE_CODE = YES;
				CLANG_WARN__DUPLICATE_METHOD_MATCH = YES;
				COPY_PHASE_STRIP = NO;
				DEBUG_INFORMATION_FORMAT = dwarf;
				ENABLE_STRICT_OBJC_MSGSEND = YES;
				ENABLE_TESTABILITY = YES;
				GCC_C_LANGUAGE_STANDARD = gnu11;
				GCC_DYNAMIC_NO_PIC = NO;
				GCC_NO_COMMON_BLOCKS = YES;
				GCC_OPTIMIZATION_LEVEL = 0;
				GCC_PREPROCESSOR_DEFINITIONS = (
					"DEBUG=1",
					"$(inherited)",
				);
				GCC_WARN_64_TO_32_BIT_CONVERSION = YES;
				GCC_WARN_ABOUT_RETURN_TYPE = YES_ERROR;
				GCC_WARN_UNDECLARED_SELECTOR = YES;
				GCC_WARN_UNINITIALIZED_AUTOS = YES_AGGRESSIVE;
				GCC_WARN_UNUSED_FUNCTION = YES;
				GCC_WARN_UNUSED_VARIABLE = YES;
				IPHONEOS_DEPLOYMENT_TARGET = 16.2;
				MTL_ENABLE_DEBUG_INFO = INCLUDE_SOURCE;
				MTL_FAST_MATH = YES;
				ONLY_ACTIVE_ARCH = YES;
				SDKROOT = iphoneos;
				SWIFT_ACTIVE_COMPILATION_CONDITIONS = DEBUG;
				SWIFT_OPTIMIZATION_LEVEL = "-Onone";
			};
			name = Debug;
		};
		2D2851F82A7E358E00115168 /* Release */ = {
			isa = XCBuildConfiguration;
			buildSettings = {
				ALWAYS_SEARCH_USER_PATHS = NO;
				CLANG_ANALYZER_NONNULL = YES;
				CLANG_ANALYZER_NUMBER_OBJECT_CONVERSION = YES_AGGRESSIVE;
				CLANG_CXX_LANGUAGE_STANDARD = "gnu++20";
				CLANG_ENABLE_MODULES = YES;
				CLANG_ENABLE_OBJC_ARC = YES;
				CLANG_ENABLE_OBJC_WEAK = YES;
				CLANG_WARN_BLOCK_CAPTURE_AUTORELEASING = YES;
				CLANG_WARN_BOOL_CONVERSION = YES;
				CLANG_WARN_COMMA = YES;
				CLANG_WARN_CONSTANT_CONVERSION = YES;
				CLANG_WARN_DEPRECATED_OBJC_IMPLEMENTATIONS = YES;
				CLANG_WARN_DIRECT_OBJC_ISA_USAGE = YES_ERROR;
				CLANG_WARN_DOCUMENTATION_COMMENTS = YES;
				CLANG_WARN_EMPTY_BODY = YES;
				CLANG_WARN_ENUM_CONVERSION = YES;
				CLANG_WARN_INFINITE_RECURSION = YES;
				CLANG_WARN_INT_CONVERSION = YES;
				CLANG_WARN_NON_LITERAL_NULL_CONVERSION = YES;
				CLANG_WARN_OBJC_IMPLICIT_RETAIN_SELF = YES;
				CLANG_WARN_OBJC_LITERAL_CONVERSION = YES;
				CLANG_WARN_OBJC_ROOT_CLASS = YES_ERROR;
				CLANG_WARN_QUOTED_INCLUDE_IN_FRAMEWORK_HEADER = YES;
				CLANG_WARN_RANGE_LOOP_ANALYSIS = YES;
				CLANG_WARN_STRICT_PROTOTYPES = YES;
				CLANG_WARN_SUSPICIOUS_MOVE = YES;
				CLANG_WARN_UNGUARDED_AVAILABILITY = YES_AGGRESSIVE;
				CLANG_WARN_UNREACHABLE_CODE = YES;
				CLANG_WARN__DUPLICATE_METHOD_MATCH = YES;
				COPY_PHASE_STRIP = NO;
				DEBUG_INFORMATION_FORMAT = "dwarf-with-dsym";
				ENABLE_NS_ASSERTIONS = NO;
				ENABLE_STRICT_OBJC_MSGSEND = YES;
				GCC_C_LANGUAGE_STANDARD = gnu11;
				GCC_NO_COMMON_BLOCKS = YES;
				GCC_WARN_64_TO_32_BIT_CONVERSION = YES;
				GCC_WARN_ABOUT_RETURN_TYPE = YES_ERROR;
				GCC_WARN_UNDECLARED_SELECTOR = YES;
				GCC_WARN_UNINITIALIZED_AUTOS = YES_AGGRESSIVE;
				GCC_WARN_UNUSED_FUNCTION = YES;
				GCC_WARN_UNUSED_VARIABLE = YES;
				IPHONEOS_DEPLOYMENT_TARGET = 16.2;
				MTL_ENABLE_DEBUG_INFO = NO;
				MTL_FAST_MATH = YES;
				SDKROOT = iphoneos;
				SWIFT_COMPILATION_MODE = wholemodule;
				SWIFT_OPTIMIZATION_LEVEL = "-O";
				VALIDATE_PRODUCT = YES;
			};
			name = Release;
		};
		2D2851FA2A7E358E00115168 /* Debug */ = {
			isa = XCBuildConfiguration;
			baseConfigurationReference = CB63D8A527B2C7FF9152B196 /* Pods-adidas.debug.xcconfig */;
			buildSettings = {
				ASSETCATALOG_COMPILER_APPICON_NAME = AppIcon;
				ASSETCATALOG_COMPILER_GLOBAL_ACCENT_COLOR_NAME = AccentColor;
				CODE_SIGN_STYLE = Automatic;
				CURRENT_PROJECT_VERSION = 1;
				DEVELOPMENT_TEAM = 3D7UQM8T2A;
				GENERATE_INFOPLIST_FILE = YES;
				INFOPLIST_FILE = adidas/Info.plist;
				INFOPLIST_KEY_UIApplicationSupportsIndirectInputEvents = YES;
				INFOPLIST_KEY_UILaunchStoryboardName = LaunchScreen;
				INFOPLIST_KEY_UIMainStoryboardFile = Main;
				INFOPLIST_KEY_UISupportedInterfaceOrientations_iPad = "UIInterfaceOrientationPortrait UIInterfaceOrientationPortraitUpsideDown UIInterfaceOrientationLandscapeLeft UIInterfaceOrientationLandscapeRight";
				INFOPLIST_KEY_UISupportedInterfaceOrientations_iPhone = "UIInterfaceOrientationPortrait UIInterfaceOrientationLandscapeLeft UIInterfaceOrientationLandscapeRight";
				LD_RUNPATH_SEARCH_PATHS = (
					"$(inherited)",
					"@executable_path/Frameworks",
				);
				MARKETING_VERSION = 1.0;
				PRODUCT_BUNDLE_IDENTIFIER = com.dipika.adidas;
				PRODUCT_NAME = "$(TARGET_NAME)";
				SWIFT_EMIT_LOC_STRINGS = YES;
				SWIFT_VERSION = 5.0;
				TARGETED_DEVICE_FAMILY = "1,2";
			};
			name = Debug;
		};
		2D2851FB2A7E358E00115168 /* Release */ = {
			isa = XCBuildConfiguration;
			baseConfigurationReference = 2921890C104D48184F6F5F5D /* Pods-adidas.release.xcconfig */;
			buildSettings = {
				ASSETCATALOG_COMPILER_APPICON_NAME = AppIcon;
				ASSETCATALOG_COMPILER_GLOBAL_ACCENT_COLOR_NAME = AccentColor;
				CODE_SIGN_STYLE = Automatic;
				CURRENT_PROJECT_VERSION = 1;
				DEVELOPMENT_TEAM = 3D7UQM8T2A;
				GENERATE_INFOPLIST_FILE = YES;
				INFOPLIST_FILE = adidas/Info.plist;
				INFOPLIST_KEY_UIApplicationSupportsIndirectInputEvents = YES;
				INFOPLIST_KEY_UILaunchStoryboardName = LaunchScreen;
				INFOPLIST_KEY_UIMainStoryboardFile = Main;
				INFOPLIST_KEY_UISupportedInterfaceOrientations_iPad = "UIInterfaceOrientationPortrait UIInterfaceOrientationPortraitUpsideDown UIInterfaceOrientationLandscapeLeft UIInterfaceOrientationLandscapeRight";
				INFOPLIST_KEY_UISupportedInterfaceOrientations_iPhone = "UIInterfaceOrientationPortrait UIInterfaceOrientationLandscapeLeft UIInterfaceOrientationLandscapeRight";
				LD_RUNPATH_SEARCH_PATHS = (
					"$(inherited)",
					"@executable_path/Frameworks",
				);
				MARKETING_VERSION = 1.0;
				PRODUCT_BUNDLE_IDENTIFIER = com.dipika.adidas;
				PRODUCT_NAME = "$(TARGET_NAME)";
				SWIFT_EMIT_LOC_STRINGS = YES;
				SWIFT_VERSION = 5.0;
				TARGETED_DEVICE_FAMILY = "1,2";
			};
			name = Release;
		};
/* End XCBuildConfiguration section */

/* Begin XCConfigurationList section */
		2D2851DD2A7E358D00115168 /* Build configuration list for PBXProject "adidas" */ = {
			isa = XCConfigurationList;
			buildConfigurations = (
				2D2851F72A7E358E00115168 /* Debug */,
				2D2851F82A7E358E00115168 /* Release */,
			);
			defaultConfigurationIsVisible = 0;
			defaultConfigurationName = Release;
		};
		2D2851F92A7E358E00115168 /* Build configuration list for PBXNativeTarget "adidas" */ = {
			isa = XCConfigurationList;
			buildConfigurations = (
				2D2851FA2A7E358E00115168 /* Debug */,
				2D2851FB2A7E358E00115168 /* Release */,
			);
			defaultConfigurationIsVisible = 0;
			defaultConfigurationName = Release;
		};
/* End XCConfigurationList section */

/* Begin XCVersionGroup section */
		2D2851EE2A7E358D00115168 /* adidas.xcdatamodeld */ = {
			isa = XCVersionGroup;
			children = (
				2D2851EF2A7E358D00115168 /* adidas.xcdatamodel */,
			);
			currentVersion = 2D2851EF2A7E358D00115168 /* adidas.xcdatamodel */;
			path = adidas.xcdatamodeld;
			sourceTree = "<group>";
			versionGroupType = wrapper.xcdatamodel;
		};
/* End XCVersionGroup section */
	};
	rootObject = 2D2851DA2A7E358D00115168 /* Project object */;
}
